
Microsoft Visual Studio Solution File, Format Version 12.00
# Visual Studio 15
Project("{FAE04EC0-301F-11D3-BF4B-00C04F79EFBC}") = "WeatherForecast.Android", "WeatherForecast.Android\WeatherForecast.Android.csproj", "{EE493C88-2E36-42A2-8EEC-B2306B32EBE5}"
EndProject
Project("{FAE04EC0-301F-11D3-BF4B-00C04F79EFBC}") = "WeatherForecast.iOS", "WeatherForecast.iOS\WeatherForecast.iOS.csproj", "{46589096-CC48-425D-AD62-E38AD0BB448B}"
EndProject
Project("{FAE04EC0-301F-11D3-BF4B-00C04F79EFBC}") = "WeatherForecast", "WeatherForecast\WeatherForecast.csproj", "{80675E25-ED3B-405C-9CA3-C78E2D73C000}"
EndProject
Global
	GlobalSection(SolutionConfigurationPlatforms) = preSolution
		Debug|Any CPU = Debug|Any CPU
		Release|Any CPU = Release|Any CPU
		Debug|iPhoneSimulator = Debug|iPhoneSimulator
		Release|iPhoneSimulator = Release|iPhoneSimulator
		Debug|iPhone = Debug|iPhone
		Release|iPhone = Release|iPhone
	EndGlobalSection
	GlobalSection(ProjectConfigurationPlatforms) = postSolution
		{EE493C88-2E36-42A2-8EEC-B2306B32EBE5}.Debug|Any CPU.ActiveCfg = Debug|Any CPU
		{EE493C88-2E36-42A2-8EEC-B2306B32EBE5}.Debug|Any CPU.Build.0 = Debug|Any CPU
		{EE493C88-2E36-42A2-8EEC-B2306B32EBE5}.Release|Any CPU.ActiveCfg = Release|Any CPU
		{EE493C88-2E36-42A2-8EEC-B2306B32EBE5}.Release|Any CPU.Build.0 = Release|Any CPU
		{EE493C88-2E36-42A2-8EEC-B2306B32EBE5}.Debug|iPhoneSimulator.ActiveCfg = Debug|Any CPU
		{EE493C88-2E36-42A2-8EEC-B2306B32EBE5}.Debug|iPhoneSimulator.Build.0 = Debug|Any CPU
		{EE493C88-2E36-42A2-8EEC-B2306B32EBE5}.Release|iPhoneSimulator.ActiveCfg = Release|Any CPU
		{EE493C88-2E36-42A2-8EEC-B2306B32EBE5}.Release|iPhoneSimulator.Build.0 = Release|Any CPU
		{EE493C88-2E36-42A2-8EEC-B2306B32EBE5}.Debug|iPhone.ActiveCfg = Debug|Any CPU
		{EE493C88-2E36-42A2-8EEC-B2306B32EBE5}.Debug|iPhone.Build.0 = Debug|Any CPU
		{EE493C88-2E36-42A2-8EEC-B2306B32EBE5}.Release|iPhone.ActiveCfg = Release|Any CPU
		{EE493C88-2E36-42A2-8EEC-B2306B32EBE5}.Release|iPhone.Build.0 = Release|Any CPU
		{46589096-CC48-425D-AD62-E38AD0BB448B}.Debug|Any CPU.ActiveCfg = Debug|iPhoneSimulator
		{46589096-CC48-425D-AD62-E38AD0BB448B}.Debug|Any CPU.Build.0 = Debug|iPhoneSimulator
		{46589096-CC48-425D-AD62-E38AD0BB448B}.Release|Any CPU.ActiveCfg = Release|iPhoneSimulator
		{46589096-CC48-425D-AD62-E38AD0BB448B}.Release|Any CPU.Build.0 = Release|iPhoneSimulator
		{46589096-CC48-425D-AD62-E38AD0BB448B}.Debug|iPhoneSimulator.ActiveCfg = Debug|iPhoneSimulator
		{46589096-CC48-425D-AD62-E38AD0BB448B}.Debug|iPhoneSimulator.Build.0 = Debug|iPhoneSimulator
		{46589096-CC48-425D-AD62-E38AD0BB448B}.Release|iPhoneSimulator.ActiveCfg = Release|iPhoneSimulator
		{46589096-CC48-425D-AD62-E38AD0BB448B}.Release|iPhoneSimulator.Build.0 = Release|iPhoneSimulator
		{46589096-CC48-425D-AD62-E38AD0BB448B}.Debug|iPhone.ActiveCfg = Debug|iPhone
		{46589096-CC48-425D-AD62-E38AD0BB448B}.Debug|iPhone.Build.0 = Debug|iPhone
		{46589096-CC48-425D-AD62-E38AD0BB448B}.Release|iPhone.ActiveCfg = Release|iPhone
		{46589096-CC48-425D-AD62-E38AD0BB448B}.Release|iPhone.Build.0 = Release|iPhone
		{80675E25-ED3B-405C-9CA3-C78E2D73C000}.Debug|Any CPU.ActiveCfg = Debug|Any CPU
		{80675E25-ED3B-405C-9CA3-C78E2D73C000}.Debug|Any CPU.Build.0 = Debug|Any CPU
		{80675E25-ED3B-405C-9CA3-C78E2D73C000}.Release|Any CPU.ActiveCfg = Release|Any CPU
		{80675E25-ED3B-405C-9CA3-C78E2D73C000}.Release|Any CPU.Build.0 = Release|Any CPU
		{80675E25-ED3B-405C-9CA3-C78E2D73C000}.Debug|iPhoneSimulator.ActiveCfg = Debug|Any CPU
		{80675E25-ED3B-405C-9CA3-C78E2D73C000}.Debug|iPhoneSimulator.Build.0 = Debug|Any CPU
		{80675E25-ED3B-405C-9CA3-C78E2D73C000}.Release|iPhoneSimulator.ActiveCfg = Release|Any CPU
		{80675E25-ED3B-405C-9CA3-C78E2D73C000}.Release|iPhoneSimulator.Build.0 = Release|Any CPU
		{80675E25-ED3B-405C-9CA3-C78E2D73C000}.Debug|iPhone.ActiveCfg = Debug|Any CPU
		{80675E25-ED3B-405C-9CA3-C78E2D73C000}.Debug|iPhone.Build.0 = Debug|Any CPU
		{80675E25-ED3B-405C-9CA3-C78E2D73C000}.Release|iPhone.ActiveCfg = Release|Any CPU
		{80675E25-ED3B-405C-9CA3-C78E2D73C000}.Release|iPhone.Build.0 = Release|Any CPU
	EndGlobalSection
EndGlobal
